
Microsoft Visual Studio Solution File, Format Version 12.00
# Visual Studio Version 17
VisualStudioVersion = 17.2.32630.192
MinimumVisualStudioVersion = 10.0.40219.1
Project("{9A19103F-16F7-4668-BE54-9A1E7A4F7556}") = "R5T.F0114.Construction", "R5T.F0114.Construction\R5T.F0114.Construction.csproj", "{350C7419-DA76-41ED-BB96-037B11ED3C15}"
EndProject
Project("{9A19103F-16F7-4668-BE54-9A1E7A4F7556}") = "R5T.F0114", "R5T.F0114\R5T.F0114.csproj", "{3EAF06CC-131D-41D8-8A67-3B4966ACF406}"
EndProject
Project("{2150E333-8FDC-42A3-9474-1A3956D46DE8}") = "_Dependencies", "_Dependencies", "{5C7A6B76-0B92-46D7-832D-02460175883E}"
EndProject
Project("{9A19103F-16F7-4668-BE54-9A1E7A4F7556}") = "R5T.F0000", "..\..\R5T.F0000\source\R5T.F0000\R5T.F0000.csproj", "{4D3ABFD2-A491-4192-BF97-1BB57DB41DD3}"
EndProject
Project("{9A19103F-16F7-4668-BE54-9A1E7A4F7556}") = "R5T.F0002", "..\..\R5T.F0002\source\R5T.F0002\R5T.F0002.csproj", "{D7875B28-3057-4D13-A78F-63DA974B1624}"
EndProject
Project("{9A19103F-16F7-4668-BE54-9A1E7A4F7556}") = "R5T.F0035.F001", "..\..\R5T.F0035\source\R5T.F0035.F001\R5T.F0035.F001.csproj", "{BA2ED63C-26FE-4906-BB5F-50AD62318CD5}"
EndProject
Project("{9A19103F-16F7-4668-BE54-9A1E7A4F7556}") = "R5T.NG0002", "..\..\R5T.NG0002\source\R5T.NG0002\R5T.NG0002.csproj", "{83D643B3-AFD5-4E07-8D66-E1563B469CAF}"
EndProject
Project("{9A19103F-16F7-4668-BE54-9A1E7A4F7556}") = "R5T.NG0006", "..\..\R5T.NG0006\source\R5T.NG0006\R5T.NG0006.csproj", "{AF6663B0-0C6C-40C8-BFC7-33624B41CA7C}"
EndProject
Project("{9A19103F-16F7-4668-BE54-9A1E7A4F7556}") = "R5T.NG0007", "..\..\R5T.NG0007\source\R5T.NG0007\R5T.NG0007.csproj", "{1666E441-4149-4F56-A01F-8D40D6483BE4}"
EndProject
Project("{9A19103F-16F7-4668-BE54-9A1E7A4F7556}") = "R5T.T0131", "..\..\R5T.T0131\source\R5T.T0131\R5T.T0131.csproj", "{C3906134-3ED6-49AC-B9F5-8741BBF1DADB}"
EndProject
Project("{9A19103F-16F7-4668-BE54-9A1E7A4F7556}") = "R5T.T0132", "..\..\R5T.T0132\source\R5T.T0132\R5T.T0132.csproj", "{55C7415D-35CD-45F2-97BD-8D2441B09B49}"
EndProject
Project("{9A19103F-16F7-4668-BE54-9A1E7A4F7556}") = "R5T.T0142", "..\..\R5T.T0142\source\R5T.T0142\R5T.T0142.csproj", "{170C0C10-7076-444B-B889-6E96B486807F}"
EndProject
Project("{9A19103F-16F7-4668-BE54-9A1E7A4F7556}") = "R5T.T0143", "..\..\R5T.T0143\source\R5T.T0143\R5T.T0143.csproj", "{BAFC5613-E5E6-4984-BB61-523C2F3E2DAB}"
EndProject
Project("{9A19103F-16F7-4668-BE54-9A1E7A4F7556}") = "R5T.T0148", "..\..\R5T.T0148\source\R5T.T0148\R5T.T0148.csproj", "{7596C574-1E5F-4848-B1A2-1FA05EB211BE}"
EndProject
Project("{9A19103F-16F7-4668-BE54-9A1E7A4F7556}") = "R5T.T0156", "..\..\R5T.T0156\source\R5T.T0156\R5T.T0156.csproj", "{360F6E74-9902-4090-941C-E2E4103A963F}"
EndProject
Project("{9A19103F-16F7-4668-BE54-9A1E7A4F7556}") = "R5T.T0158.F000", "..\..\R5T.T0158\source\R5T.T0158.F000\R5T.T0158.F000.csproj", "{61ABD155-4D36-420A-9FC0-BF8516043145}"
EndProject
Project("{9A19103F-16F7-4668-BE54-9A1E7A4F7556}") = "R5T.T0158.T000", "..\..\R5T.T0158\source\R5T.T0158.T000\R5T.T0158.T000.csproj", "{1163C8FA-71B7-405E-8BD6-3B88A78FB3F8}"
EndProject
Project("{9A19103F-16F7-4668-BE54-9A1E7A4F7556}") = "R5T.T0158", "..\..\R5T.T0158\source\R5T.T0158\R5T.T0158.csproj", "{1B5A8BD0-9FFB-473D-8A83-8A3CFA3295CC}"
EndProject
Project("{9A19103F-16F7-4668-BE54-9A1E7A4F7556}") = "R5T.T0159.F000", "..\..\R5T.T0159\source\R5T.T0159.F000\R5T.T0159.F000.csproj", "{60D960EC-2296-4D63-9F7F-AFF227D54425}"
EndProject
Project("{9A19103F-16F7-4668-BE54-9A1E7A4F7556}") = "R5T.T0159", "..\..\R5T.T0159\source\R5T.T0159\R5T.T0159.csproj", "{C8D74103-5C5D-4524-8FCD-21FA108278AA}"
EndProject
Project("{9A19103F-16F7-4668-BE54-9A1E7A4F7556}") = "R5T.Y0000", "..\..\R5T.Y0000\source\R5T.Y0000\R5T.Y0000.csproj", "{8F5E7EFA-EBBB-4A56-9CAA-9B2653A73170}"
EndProject
Project("{9A19103F-16F7-4668-BE54-9A1E7A4F7556}") = "R5T.Z0000", "..\..\R5T.Z0000\source\R5T.Z0000\R5T.Z0000.csproj", "{DB65B72A-C05C-4C21-A165-D029C0FF0E99}"
EndProject
Project("{9A19103F-16F7-4668-BE54-9A1E7A4F7556}") = "R5T.Z0040", "..\..\R5T.Z0040\source\R5T.Z0040\R5T.Z0040.csproj", "{43A9562E-2052-4710-8811-732413FECAD1}"
EndProject
Project("{9A19103F-16F7-4668-BE54-9A1E7A4F7556}") = "R5T.F0059", "..\..\R5T.F0059\source\R5T.F0059\R5T.F0059.csproj", "{01157688-48EB-44CD-9685-3C76211D72D6}"
EndProject
Project("{9A19103F-16F7-4668-BE54-9A1E7A4F7556}") = "R5T.T0178", "..\..\R5T.T0178\source\R5T.T0178\R5T.T0178.csproj", "{4C07CA3C-E229-4D9C-B119-0D1EC090D568}"
EndProject
Project("{9A19103F-16F7-4668-BE54-9A1E7A4F7556}") = "R5T.T0179", "..\..\R5T.T0179\source\R5T.T0179\R5T.T0179.csproj", "{E1AB173B-F754-419F-87D9-D7DE077A66A4}"
EndProject
Project("{9A19103F-16F7-4668-BE54-9A1E7A4F7556}") = "R5T.T0180", "..\..\R5T.T0180\source\R5T.T0180\R5T.T0180.csproj", "{DB504186-90E8-4F1E-9A74-03DCDBD80021}"
EndProject
Global
	GlobalSection(NestedProjects) = preSolution
		{4D3ABFD2-A491-4192-BF97-1BB57DB41DD3} = {5C7A6B76-0B92-46D7-832D-02460175883E}
		{D7875B28-3057-4D13-A78F-63DA974B1624} = {5C7A6B76-0B92-46D7-832D-02460175883E}
		{BA2ED63C-26FE-4906-BB5F-50AD62318CD5} = {5C7A6B76-0B92-46D7-832D-02460175883E}
		{83D643B3-AFD5-4E07-8D66-E1563B469CAF} = {5C7A6B76-0B92-46D7-832D-02460175883E}
		{AF6663B0-0C6C-40C8-BFC7-33624B41CA7C} = {5C7A6B76-0B92-46D7-832D-02460175883E}
		{1666E441-4149-4F56-A01F-8D40D6483BE4} = {5C7A6B76-0B92-46D7-832D-02460175883E}
		{C3906134-3ED6-49AC-B9F5-8741BBF1DADB} = {5C7A6B76-0B92-46D7-832D-02460175883E}
		{55C7415D-35CD-45F2-97BD-8D2441B09B49} = {5C7A6B76-0B92-46D7-832D-02460175883E}
		{170C0C10-7076-444B-B889-6E96B486807F} = {5C7A6B76-0B92-46D7-832D-02460175883E}
		{BAFC5613-E5E6-4984-BB61-523C2F3E2DAB} = {5C7A6B76-0B92-46D7-832D-02460175883E}
		{7596C574-1E5F-4848-B1A2-1FA05EB211BE} = {5C7A6B76-0B92-46D7-832D-02460175883E}
		{360F6E74-9902-4090-941C-E2E4103A963F} = {5C7A6B76-0B92-46D7-832D-02460175883E}
		{61ABD155-4D36-420A-9FC0-BF8516043145} = {5C7A6B76-0B92-46D7-832D-02460175883E}
		{1163C8FA-71B7-405E-8BD6-3B88A78FB3F8} = {5C7A6B76-0B92-46D7-832D-02460175883E}
		{1B5A8BD0-9FFB-473D-8A83-8A3CFA3295CC} = {5C7A6B76-0B92-46D7-832D-02460175883E}
		{60D960EC-2296-4D63-9F7F-AFF227D54425} = {5C7A6B76-0B92-46D7-832D-02460175883E}
		{C8D74103-5C5D-4524-8FCD-21FA108278AA} = {5C7A6B76-0B92-46D7-832D-02460175883E}
		{8F5E7EFA-EBBB-4A56-9CAA-9B2653A73170} = {5C7A6B76-0B92-46D7-832D-02460175883E}
		{DB65B72A-C05C-4C21-A165-D029C0FF0E99} = {5C7A6B76-0B92-46D7-832D-02460175883E}
		{43A9562E-2052-4710-8811-732413FECAD1} = {5C7A6B76-0B92-46D7-832D-02460175883E}
		{01157688-48EB-44CD-9685-3C76211D72D6} = {5C7A6B76-0B92-46D7-832D-02460175883E}
		{4C07CA3C-E229-4D9C-B119-0D1EC090D568} = {5C7A6B76-0B92-46D7-832D-02460175883E}
		{E1AB173B-F754-419F-87D9-D7DE077A66A4} = {5C7A6B76-0B92-46D7-832D-02460175883E}
		{DB504186-90E8-4F1E-9A74-03DCDBD80021} = {5C7A6B76-0B92-46D7-832D-02460175883E}
	EndGlobalSection
	GlobalSection(SolutionConfigurationPlatforms) = preSolution
		Debug|Any CPU = Debug|Any CPU
		Release|Any CPU = Release|Any CPU
	EndGlobalSection
	GlobalSection(ProjectConfigurationPlatforms) = postSolution
		{350C7419-DA76-41ED-BB96-037B11ED3C15}.Debug|Any CPU.ActiveCfg = Debug|Any CPU
		{350C7419-DA76-41ED-BB96-037B11ED3C15}.Debug|Any CPU.Build.0 = Debug|Any CPU
		{350C7419-DA76-41ED-BB96-037B11ED3C15}.Release|Any CPU.ActiveCfg = Release|Any CPU
		{350C7419-DA76-41ED-BB96-037B11ED3C15}.Release|Any CPU.Build.0 = Release|Any CPU
		{3EAF06CC-131D-41D8-8A67-3B4966ACF406}.Debug|Any CPU.ActiveCfg = Debug|Any CPU
		{3EAF06CC-131D-41D8-8A67-3B4966ACF406}.Debug|Any CPU.Build.0 = Debug|Any CPU
		{3EAF06CC-131D-41D8-8A67-3B4966ACF406}.Release|Any CPU.ActiveCfg = Release|Any CPU
		{3EAF06CC-131D-41D8-8A67-3B4966ACF406}.Release|Any CPU.Build.0 = Release|Any CPU
		{4D3ABFD2-A491-4192-BF97-1BB57DB41DD3}.Debug|Any CPU.ActiveCfg = Debug|Any CPU
		{4D3ABFD2-A491-4192-BF97-1BB57DB41DD3}.Debug|Any CPU.Build.0 = Debug|Any CPU
		{4D3ABFD2-A491-4192-BF97-1BB57DB41DD3}.Release|Any CPU.ActiveCfg = Release|Any CPU
		{4D3ABFD2-A491-4192-BF97-1BB57DB41DD3}.Release|Any CPU.Build.0 = Release|Any CPU
		{D7875B28-3057-4D13-A78F-63DA974B1624}.Debug|Any CPU.ActiveCfg = Debug|Any CPU
		{D7875B28-3057-4D13-A78F-63DA974B1624}.Debug|Any CPU.Build.0 = Debug|Any CPU
		{D7875B28-3057-4D13-A78F-63DA974B1624}.Release|Any CPU.ActiveCfg = Release|Any CPU
		{D7875B28-3057-4D13-A78F-63DA974B1624}.Release|Any CPU.Build.0 = Release|Any CPU
		{BA2ED63C-26FE-4906-BB5F-50AD62318CD5}.Debug|Any CPU.ActiveCfg = Debug|Any CPU
		{BA2ED63C-26FE-4906-BB5F-50AD62318CD5}.Debug|Any CPU.Build.0 = Debug|Any CPU
		{BA2ED63C-26FE-4906-BB5F-50AD62318CD5}.Release|Any CPU.ActiveCfg = Release|Any CPU
		{BA2ED63C-26FE-4906-BB5F-50AD62318CD5}.Release|Any CPU.Build.0 = Release|Any CPU
		{83D643B3-AFD5-4E07-8D66-E1563B469CAF}.Debug|Any CPU.ActiveCfg = Debug|Any CPU
		{83D643B3-AFD5-4E07-8D66-E1563B469CAF}.Debug|Any CPU.Build.0 = Debug|Any CPU
		{83D643B3-AFD5-4E07-8D66-E1563B469CAF}.Release|Any CPU.ActiveCfg = Release|Any CPU
		{83D643B3-AFD5-4E07-8D66-E1563B469CAF}.Release|Any CPU.Build.0 = Release|Any CPU
		{AF6663B0-0C6C-40C8-BFC7-33624B41CA7C}.Debug|Any CPU.ActiveCfg = Debug|Any CPU
		{AF6663B0-0C6C-40C8-BFC7-33624B41CA7C}.Debug|Any CPU.Build.0 = Debug|Any CPU
		{AF6663B0-0C6C-40C8-BFC7-33624B41CA7C}.Release|Any CPU.ActiveCfg = Release|Any CPU
		{AF6663B0-0C6C-40C8-BFC7-33624B41CA7C}.Release|Any CPU.Build.0 = Release|Any CPU
		{1666E441-4149-4F56-A01F-8D40D6483BE4}.Debug|Any CPU.ActiveCfg = Debug|Any CPU
		{1666E441-4149-4F56-A01F-8D40D6483BE4}.Debug|Any CPU.Build.0 = Debug|Any CPU
		{1666E441-4149-4F56-A01F-8D40D6483BE4}.Release|Any CPU.ActiveCfg = Release|Any CPU
		{1666E441-4149-4F56-A01F-8D40D6483BE4}.Release|Any CPU.Build.0 = Release|Any CPU
		{C3906134-3ED6-49AC-B9F5-8741BBF1DADB}.Debug|Any CPU.ActiveCfg = Debug|Any CPU
		{C3906134-3ED6-49AC-B9F5-8741BBF1DADB}.Debug|Any CPU.Build.0 = Debug|Any CPU
		{C3906134-3ED6-49AC-B9F5-8741BBF1DADB}.Release|Any CPU.ActiveCfg = Release|Any CPU
		{C3906134-3ED6-49AC-B9F5-8741BBF1DADB}.Release|Any CPU.Build.0 = Release|Any CPU
		{55C7415D-35CD-45F2-97BD-8D2441B09B49}.Debug|Any CPU.ActiveCfg = Debug|Any CPU
		{55C7415D-35CD-45F2-97BD-8D2441B09B49}.Debug|Any CPU.Build.0 = Debug|Any CPU
		{55C7415D-35CD-45F2-97BD-8D2441B09B49}.Release|Any CPU.ActiveCfg = Release|Any CPU
		{55C7415D-35CD-45F2-97BD-8D2441B09B49}.Release|Any CPU.Build.0 = Release|Any CPU
		{170C0C10-7076-444B-B889-6E96B486807F}.Debug|Any CPU.ActiveCfg = Debug|Any CPU
		{170C0C10-7076-444B-B889-6E96B486807F}.Debug|Any CPU.Build.0 = Debug|Any CPU
		{170C0C10-7076-444B-B889-6E96B486807F}.Release|Any CPU.ActiveCfg = Release|Any CPU
		{170C0C10-7076-444B-B889-6E96B486807F}.Release|Any CPU.Build.0 = Release|Any CPU
		{BAFC5613-E5E6-4984-BB61-523C2F3E2DAB}.Debug|Any CPU.ActiveCfg = Debug|Any CPU
		{BAFC5613-E5E6-4984-BB61-523C2F3E2DAB}.Debug|Any CPU.Build.0 = Debug|Any CPU
		{BAFC5613-E5E6-4984-BB61-523C2F3E2DAB}.Release|Any CPU.ActiveCfg = Release|Any CPU
		{BAFC5613-E5E6-4984-BB61-523C2F3E2DAB}.Release|Any CPU.Build.0 = Release|Any CPU
		{7596C574-1E5F-4848-B1A2-1FA05EB211BE}.Debug|Any CPU.ActiveCfg = Debug|Any CPU
		{7596C574-1E5F-4848-B1A2-1FA05EB211BE}.Debug|Any CPU.Build.0 = Debug|Any CPU
		{7596C574-1E5F-4848-B1A2-1FA05EB211BE}.Release|Any CPU.ActiveCfg = Release|Any CPU
		{7596C574-1E5F-4848-B1A2-1FA05EB211BE}.Release|Any CPU.Build.0 = Release|Any CPU
		{360F6E74-9902-4090-941C-E2E4103A963F}.Debug|Any CPU.ActiveCfg = Debug|Any CPU
		{360F6E74-9902-4090-941C-E2E4103A963F}.Debug|Any CPU.Build.0 = Debug|Any CPU
		{360F6E74-9902-4090-941C-E2E4103A963F}.Release|Any CPU.ActiveCfg = Release|Any CPU
		{360F6E74-9902-4090-941C-E2E4103A963F}.Release|Any CPU.Build.0 = Release|Any CPU
		{61ABD155-4D36-420A-9FC0-BF8516043145}.Debug|Any CPU.ActiveCfg = Debug|Any CPU
		{61ABD155-4D36-420A-9FC0-BF8516043145}.Debug|Any CPU.Build.0 = Debug|Any CPU
		{61ABD155-4D36-420A-9FC0-BF8516043145}.Release|Any CPU.ActiveCfg = Release|Any CPU
		{61ABD155-4D36-420A-9FC0-BF8516043145}.Release|Any CPU.Build.0 = Release|Any CPU
		{1163C8FA-71B7-405E-8BD6-3B88A78FB3F8}.Debug|Any CPU.ActiveCfg = Debug|Any CPU
		{1163C8FA-71B7-405E-8BD6-3B88A78FB3F8}.Debug|Any CPU.Build.0 = Debug|Any CPU
		{1163C8FA-71B7-405E-8BD6-3B88A78FB3F8}.Release|Any CPU.ActiveCfg = Release|Any CPU
		{1163C8FA-71B7-405E-8BD6-3B88A78FB3F8}.Release|Any CPU.Build.0 = Release|Any CPU
		{1B5A8BD0-9FFB-473D-8A83-8A3CFA3295CC}.Debug|Any CPU.ActiveCfg = Debug|Any CPU
		{1B5A8BD0-9FFB-473D-8A83-8A3CFA3295CC}.Debug|Any CPU.Build.0 = Debug|Any CPU
		{1B5A8BD0-9FFB-473D-8A83-8A3CFA3295CC}.Release|Any CPU.ActiveCfg = Release|Any CPU
		{1B5A8BD0-9FFB-473D-8A83-8A3CFA3295CC}.Release|Any CPU.Build.0 = Release|Any CPU
		{60D960EC-2296-4D63-9F7F-AFF227D54425}.Debug|Any CPU.ActiveCfg = Debug|Any CPU
		{60D960EC-2296-4D63-9F7F-AFF227D54425}.Debug|Any CPU.Build.0 = Debug|Any CPU
		{60D960EC-2296-4D63-9F7F-AFF227D54425}.Release|Any CPU.ActiveCfg = Release|Any CPU
		{60D960EC-2296-4D63-9F7F-AFF227D54425}.Release|Any CPU.Build.0 = Release|Any CPU
		{C8D74103-5C5D-4524-8FCD-21FA108278AA}.Debug|Any CPU.ActiveCfg = Debug|Any CPU
		{C8D74103-5C5D-4524-8FCD-21FA108278AA}.Debug|Any CPU.Build.0 = Debug|Any CPU
		{C8D74103-5C5D-4524-8FCD-21FA108278AA}.Release|Any CPU.ActiveCfg = Release|Any CPU
		{C8D74103-5C5D-4524-8FCD-21FA108278AA}.Release|Any CPU.Build.0 = Release|Any CPU
		{8F5E7EFA-EBBB-4A56-9CAA-9B2653A73170}.Debug|Any CPU.ActiveCfg = Debug|Any CPU
		{8F5E7EFA-EBBB-4A56-9CAA-9B2653A73170}.Debug|Any CPU.Build.0 = Debug|Any CPU
		{8F5E7EFA-EBBB-4A56-9CAA-9B2653A73170}.Release|Any CPU.ActiveCfg = Release|Any CPU
		{8F5E7EFA-EBBB-4A56-9CAA-9B2653A73170}.Release|Any CPU.Build.0 = Release|Any CPU
		{DB65B72A-C05C-4C21-A165-D029C0FF0E99}.Debug|Any CPU.ActiveCfg = Debug|Any CPU
		{DB65B72A-C05C-4C21-A165-D029C0FF0E99}.Debug|Any CPU.Build.0 = Debug|Any CPU
		{DB65B72A-C05C-4C21-A165-D029C0FF0E99}.Release|Any CPU.ActiveCfg = Release|Any CPU
		{DB65B72A-C05C-4C21-A165-D029C0FF0E99}.Release|Any CPU.Build.0 = Release|Any CPU
		{43A9562E-2052-4710-8811-732413FECAD1}.Debug|Any CPU.ActiveCfg = Debug|Any CPU
		{43A9562E-2052-4710-8811-732413FECAD1}.Debug|Any CPU.Build.0 = Debug|Any CPU
		{43A9562E-2052-4710-8811-732413FECAD1}.Release|Any CPU.ActiveCfg = Release|Any CPU
		{43A9562E-2052-4710-8811-732413FECAD1}.Release|Any CPU.Build.0 = Release|Any CPU
		{01157688-48EB-44CD-9685-3C76211D72D6}.Debug|Any CPU.ActiveCfg = Debug|Any CPU
		{01157688-48EB-44CD-9685-3C76211D72D6}.Debug|Any CPU.Build.0 = Debug|Any CPU
		{01157688-48EB-44CD-9685-3C76211D72D6}.Release|Any CPU.ActiveCfg = Release|Any CPU
		{01157688-48EB-44CD-9685-3C76211D72D6}.Release|Any CPU.Build.0 = Release|Any CPU
		{4C07CA3C-E229-4D9C-B119-0D1EC090D568}.Debug|Any CPU.ActiveCfg = Debug|Any CPU
		{4C07CA3C-E229-4D9C-B119-0D1EC090D568}.Debug|Any CPU.Build.0 = Debug|Any CPU
		{4C07CA3C-E229-4D9C-B119-0D1EC090D568}.Release|Any CPU.ActiveCfg = Release|Any CPU
		{4C07CA3C-E229-4D9C-B119-0D1EC090D568}.Release|Any CPU.Build.0 = Release|Any CPU
		{E1AB173B-F754-419F-87D9-D7DE077A66A4}.Debug|Any CPU.ActiveCfg = Debug|Any CPU
		{E1AB173B-F754-419F-87D9-D7DE077A66A4}.Debug|Any CPU.Build.0 = Debug|Any CPU
		{E1AB173B-F754-419F-87D9-D7DE077A66A4}.Release|Any CPU.ActiveCfg = Release|Any CPU
		{E1AB173B-F754-419F-87D9-D7DE077A66A4}.Release|Any CPU.Build.0 = Release|Any CPU
		{DB504186-90E8-4F1E-9A74-03DCDBD80021}.Debug|Any CPU.ActiveCfg = Debug|Any CPU
		{DB504186-90E8-4F1E-9A74-03DCDBD80021}.Debug|Any CPU.Build.0 = Debug|Any CPU
		{DB504186-90E8-4F1E-9A74-03DCDBD80021}.Release|Any CPU.ActiveCfg = Release|Any CPU
		{DB504186-90E8-4F1E-9A74-03DCDBD80021}.Release|Any CPU.Build.0 = Release|Any CPU
	EndGlobalSection
	GlobalSection(SolutionProperties) = preSolution
		HideSolutionNode = FALSE
	EndGlobalSection
	GlobalSection(ExtensibilityGlobals) = postSolution
		SolutionGuid = {686D0FB5-3E35-46A2-8188-72470DF6BEE8}
	EndGlobalSection
EndGlobal
