
Microsoft Visual Studio Solution File, Format Version 12.00
# Visual Studio Version 17
VisualStudioVersion = 17.2.32630.192
MinimumVisualStudioVersion = 10.0.40219.1
Project("{9A19103F-16F7-4668-BE54-9A1E7A4F7556}") = "R5T.F0114", "R5T.F0114\R5T.F0114.csproj", "{000A9A83-E6F5-4B86-9ED0-C4D8A5B1BB37}"
EndProject
Project("{2150E333-8FDC-42A3-9474-1A3956D46DE8}") = "_Dependencies", "_Dependencies", "{83135425-6803-482A-ACF1-8F51F0B643A1}"
EndProject
Project("{9A19103F-16F7-4668-BE54-9A1E7A4F7556}") = "R5T.F0000", "..\..\R5T.F0000\source\R5T.F0000\R5T.F0000.csproj", "{37ECBEE2-58C7-4668-9B92-02C510994302}"
EndProject
Project("{9A19103F-16F7-4668-BE54-9A1E7A4F7556}") = "R5T.F0002", "..\..\R5T.F0002\source\R5T.F0002\R5T.F0002.csproj", "{2F446A47-9801-4426-ADF1-8191E26D6CE9}"
EndProject
Project("{9A19103F-16F7-4668-BE54-9A1E7A4F7556}") = "R5T.T0131", "..\..\R5T.T0131\source\R5T.T0131\R5T.T0131.csproj", "{7F93DB5C-6156-41AA-8120-31D071B2C739}"
EndProject
Project("{9A19103F-16F7-4668-BE54-9A1E7A4F7556}") = "R5T.T0132", "..\..\R5T.T0132\source\R5T.T0132\R5T.T0132.csproj", "{253F59EA-02BE-4D2D-B742-49134171354C}"
EndProject
Project("{9A19103F-16F7-4668-BE54-9A1E7A4F7556}") = "R5T.T0142", "..\..\R5T.T0142\source\R5T.T0142\R5T.T0142.csproj", "{B6C2D464-8E54-491F-B577-10ED7864AA9F}"
EndProject
Project("{9A19103F-16F7-4668-BE54-9A1E7A4F7556}") = "R5T.T0143", "..\..\R5T.T0143\source\R5T.T0143\R5T.T0143.csproj", "{C1EAAAFC-EBA9-4A2A-AD00-AC553143311A}"
EndProject
Project("{9A19103F-16F7-4668-BE54-9A1E7A4F7556}") = "R5T.T0156", "..\..\R5T.T0156\source\R5T.T0156\R5T.T0156.csproj", "{9C9A4C60-ED69-436C-8773-8A657564C857}"
EndProject
Project("{9A19103F-16F7-4668-BE54-9A1E7A4F7556}") = "R5T.T0178", "..\..\R5T.T0178\source\R5T.T0178\R5T.T0178.csproj", "{1F1FD5EB-0B04-4D4C-AA45-8119BEA08EE3}"
EndProject
Project("{9A19103F-16F7-4668-BE54-9A1E7A4F7556}") = "R5T.T0179", "..\..\R5T.T0179\source\R5T.T0179\R5T.T0179.csproj", "{A1F0A2F9-338C-4698-A899-E5E5AEC7517C}"
EndProject
Project("{9A19103F-16F7-4668-BE54-9A1E7A4F7556}") = "R5T.T0180", "..\..\R5T.T0180\source\R5T.T0180\R5T.T0180.csproj", "{AB3C1EB4-E31A-40DE-8DDB-9DB65E945A39}"
EndProject
Project("{9A19103F-16F7-4668-BE54-9A1E7A4F7556}") = "R5T.Y0000", "..\..\R5T.Y0000\source\R5T.Y0000\R5T.Y0000.csproj", "{E496372D-C61F-4320-A45C-59BA169DD063}"
EndProject
Project("{9A19103F-16F7-4668-BE54-9A1E7A4F7556}") = "R5T.Z0000", "..\..\R5T.Z0000\source\R5T.Z0000\R5T.Z0000.csproj", "{E632C735-3DC6-4388-A950-2FA08B026AE3}"
EndProject
Project("{9A19103F-16F7-4668-BE54-9A1E7A4F7556}") = "R5T.Z0040", "..\..\R5T.Z0040\source\R5T.Z0040\R5T.Z0040.csproj", "{F0608E4E-B7AF-49E1-B160-0DCE6D48593C}"
EndProject
Global
	GlobalSection(NestedProjects) = preSolution
		{37ECBEE2-58C7-4668-9B92-02C510994302} = {83135425-6803-482A-ACF1-8F51F0B643A1}
		{2F446A47-9801-4426-ADF1-8191E26D6CE9} = {83135425-6803-482A-ACF1-8F51F0B643A1}
		{7F93DB5C-6156-41AA-8120-31D071B2C739} = {83135425-6803-482A-ACF1-8F51F0B643A1}
		{253F59EA-02BE-4D2D-B742-49134171354C} = {83135425-6803-482A-ACF1-8F51F0B643A1}
		{B6C2D464-8E54-491F-B577-10ED7864AA9F} = {83135425-6803-482A-ACF1-8F51F0B643A1}
		{C1EAAAFC-EBA9-4A2A-AD00-AC553143311A} = {83135425-6803-482A-ACF1-8F51F0B643A1}
		{9C9A4C60-ED69-436C-8773-8A657564C857} = {83135425-6803-482A-ACF1-8F51F0B643A1}
		{1F1FD5EB-0B04-4D4C-AA45-8119BEA08EE3} = {83135425-6803-482A-ACF1-8F51F0B643A1}
		{A1F0A2F9-338C-4698-A899-E5E5AEC7517C} = {83135425-6803-482A-ACF1-8F51F0B643A1}
		{AB3C1EB4-E31A-40DE-8DDB-9DB65E945A39} = {83135425-6803-482A-ACF1-8F51F0B643A1}
		{E496372D-C61F-4320-A45C-59BA169DD063} = {83135425-6803-482A-ACF1-8F51F0B643A1}
		{E632C735-3DC6-4388-A950-2FA08B026AE3} = {83135425-6803-482A-ACF1-8F51F0B643A1}
		{F0608E4E-B7AF-49E1-B160-0DCE6D48593C} = {83135425-6803-482A-ACF1-8F51F0B643A1}
	EndGlobalSection
	GlobalSection(SolutionConfigurationPlatforms) = preSolution
		Debug|Any CPU = Debug|Any CPU
		Release|Any CPU = Release|Any CPU
	EndGlobalSection
	GlobalSection(ProjectConfigurationPlatforms) = postSolution
		{000A9A83-E6F5-4B86-9ED0-C4D8A5B1BB37}.Debug|Any CPU.ActiveCfg = Debug|Any CPU
		{000A9A83-E6F5-4B86-9ED0-C4D8A5B1BB37}.Debug|Any CPU.Build.0 = Debug|Any CPU
		{000A9A83-E6F5-4B86-9ED0-C4D8A5B1BB37}.Release|Any CPU.ActiveCfg = Release|Any CPU
		{000A9A83-E6F5-4B86-9ED0-C4D8A5B1BB37}.Release|Any CPU.Build.0 = Release|Any CPU
		{37ECBEE2-58C7-4668-9B92-02C510994302}.Debug|Any CPU.ActiveCfg = Debug|Any CPU
		{37ECBEE2-58C7-4668-9B92-02C510994302}.Debug|Any CPU.Build.0 = Debug|Any CPU
		{37ECBEE2-58C7-4668-9B92-02C510994302}.Release|Any CPU.ActiveCfg = Release|Any CPU
		{37ECBEE2-58C7-4668-9B92-02C510994302}.Release|Any CPU.Build.0 = Release|Any CPU
		{2F446A47-9801-4426-ADF1-8191E26D6CE9}.Debug|Any CPU.ActiveCfg = Debug|Any CPU
		{2F446A47-9801-4426-ADF1-8191E26D6CE9}.Debug|Any CPU.Build.0 = Debug|Any CPU
		{2F446A47-9801-4426-ADF1-8191E26D6CE9}.Release|Any CPU.ActiveCfg = Release|Any CPU
		{2F446A47-9801-4426-ADF1-8191E26D6CE9}.Release|Any CPU.Build.0 = Release|Any CPU
		{7F93DB5C-6156-41AA-8120-31D071B2C739}.Debug|Any CPU.ActiveCfg = Debug|Any CPU
		{7F93DB5C-6156-41AA-8120-31D071B2C739}.Debug|Any CPU.Build.0 = Debug|Any CPU
		{7F93DB5C-6156-41AA-8120-31D071B2C739}.Release|Any CPU.ActiveCfg = Release|Any CPU
		{7F93DB5C-6156-41AA-8120-31D071B2C739}.Release|Any CPU.Build.0 = Release|Any CPU
		{253F59EA-02BE-4D2D-B742-49134171354C}.Debug|Any CPU.ActiveCfg = Debug|Any CPU
		{253F59EA-02BE-4D2D-B742-49134171354C}.Debug|Any CPU.Build.0 = Debug|Any CPU
		{253F59EA-02BE-4D2D-B742-49134171354C}.Release|Any CPU.ActiveCfg = Release|Any CPU
		{253F59EA-02BE-4D2D-B742-49134171354C}.Release|Any CPU.Build.0 = Release|Any CPU
		{B6C2D464-8E54-491F-B577-10ED7864AA9F}.Debug|Any CPU.ActiveCfg = Debug|Any CPU
		{B6C2D464-8E54-491F-B577-10ED7864AA9F}.Debug|Any CPU.Build.0 = Debug|Any CPU
		{B6C2D464-8E54-491F-B577-10ED7864AA9F}.Release|Any CPU.ActiveCfg = Release|Any CPU
		{B6C2D464-8E54-491F-B577-10ED7864AA9F}.Release|Any CPU.Build.0 = Release|Any CPU
		{C1EAAAFC-EBA9-4A2A-AD00-AC553143311A}.Debug|Any CPU.ActiveCfg = Debug|Any CPU
		{C1EAAAFC-EBA9-4A2A-AD00-AC553143311A}.Debug|Any CPU.Build.0 = Debug|Any CPU
		{C1EAAAFC-EBA9-4A2A-AD00-AC553143311A}.Release|Any CPU.ActiveCfg = Release|Any CPU
		{C1EAAAFC-EBA9-4A2A-AD00-AC553143311A}.Release|Any CPU.Build.0 = Release|Any CPU
		{9C9A4C60-ED69-436C-8773-8A657564C857}.Debug|Any CPU.ActiveCfg = Debug|Any CPU
		{9C9A4C60-ED69-436C-8773-8A657564C857}.Debug|Any CPU.Build.0 = Debug|Any CPU
		{9C9A4C60-ED69-436C-8773-8A657564C857}.Release|Any CPU.ActiveCfg = Release|Any CPU
		{9C9A4C60-ED69-436C-8773-8A657564C857}.Release|Any CPU.Build.0 = Release|Any CPU
		{1F1FD5EB-0B04-4D4C-AA45-8119BEA08EE3}.Debug|Any CPU.ActiveCfg = Debug|Any CPU
		{1F1FD5EB-0B04-4D4C-AA45-8119BEA08EE3}.Debug|Any CPU.Build.0 = Debug|Any CPU
		{1F1FD5EB-0B04-4D4C-AA45-8119BEA08EE3}.Release|Any CPU.ActiveCfg = Release|Any CPU
		{1F1FD5EB-0B04-4D4C-AA45-8119BEA08EE3}.Release|Any CPU.Build.0 = Release|Any CPU
		{A1F0A2F9-338C-4698-A899-E5E5AEC7517C}.Debug|Any CPU.ActiveCfg = Debug|Any CPU
		{A1F0A2F9-338C-4698-A899-E5E5AEC7517C}.Debug|Any CPU.Build.0 = Debug|Any CPU
		{A1F0A2F9-338C-4698-A899-E5E5AEC7517C}.Release|Any CPU.ActiveCfg = Release|Any CPU
		{A1F0A2F9-338C-4698-A899-E5E5AEC7517C}.Release|Any CPU.Build.0 = Release|Any CPU
		{AB3C1EB4-E31A-40DE-8DDB-9DB65E945A39}.Debug|Any CPU.ActiveCfg = Debug|Any CPU
		{AB3C1EB4-E31A-40DE-8DDB-9DB65E945A39}.Debug|Any CPU.Build.0 = Debug|Any CPU
		{AB3C1EB4-E31A-40DE-8DDB-9DB65E945A39}.Release|Any CPU.ActiveCfg = Release|Any CPU
		{AB3C1EB4-E31A-40DE-8DDB-9DB65E945A39}.Release|Any CPU.Build.0 = Release|Any CPU
		{E496372D-C61F-4320-A45C-59BA169DD063}.Debug|Any CPU.ActiveCfg = Debug|Any CPU
		{E496372D-C61F-4320-A45C-59BA169DD063}.Debug|Any CPU.Build.0 = Debug|Any CPU
		{E496372D-C61F-4320-A45C-59BA169DD063}.Release|Any CPU.ActiveCfg = Release|Any CPU
		{E496372D-C61F-4320-A45C-59BA169DD063}.Release|Any CPU.Build.0 = Release|Any CPU
		{E632C735-3DC6-4388-A950-2FA08B026AE3}.Debug|Any CPU.ActiveCfg = Debug|Any CPU
		{E632C735-3DC6-4388-A950-2FA08B026AE3}.Debug|Any CPU.Build.0 = Debug|Any CPU
		{E632C735-3DC6-4388-A950-2FA08B026AE3}.Release|Any CPU.ActiveCfg = Release|Any CPU
		{E632C735-3DC6-4388-A950-2FA08B026AE3}.Release|Any CPU.Build.0 = Release|Any CPU
		{F0608E4E-B7AF-49E1-B160-0DCE6D48593C}.Debug|Any CPU.ActiveCfg = Debug|Any CPU
		{F0608E4E-B7AF-49E1-B160-0DCE6D48593C}.Debug|Any CPU.Build.0 = Debug|Any CPU
		{F0608E4E-B7AF-49E1-B160-0DCE6D48593C}.Release|Any CPU.ActiveCfg = Release|Any CPU
		{F0608E4E-B7AF-49E1-B160-0DCE6D48593C}.Release|Any CPU.Build.0 = Release|Any CPU
	EndGlobalSection
	GlobalSection(SolutionProperties) = preSolution
		HideSolutionNode = FALSE
	EndGlobalSection
	GlobalSection(ExtensibilityGlobals) = postSolution
		SolutionGuid = {AB94B818-C531-43C8-B88A-9928D841A5E0}
	EndGlobalSection
EndGlobal
